
Microsoft Visual Studio Solution File, Format Version 12.00
# Visual Studio Version 17
VisualStudioVersion = 17.8.34511.84
MinimumVisualStudioVersion = 10.0.40219.1
Project("{FAE04EC0-301F-11D3-BF4B-00C04F79EFBC}") = "ASP.NET_TopStyle", "ASP.NET_TopStyle\ASP.NET_TopStyle.csproj", "{CA7A62CA-0D3F-4156-B3F4-19EBC93F3F7C}"
EndProject
Global
	GlobalSection(SolutionConfigurationPlatforms) = preSolution
		Debug|Any CPU = Debug|Any CPU
		Release|Any CPU = Release|Any CPU
	EndGlobalSection
	GlobalSection(ProjectConfigurationPlatforms) = postSolution
		{CA7A62CA-0D3F-4156-B3F4-19EBC93F3F7C}.Debug|Any CPU.ActiveCfg = Debug|Any CPU
		{CA7A62CA-0D3F-4156-B3F4-19EBC93F3F7C}.Debug|Any CPU.Build.0 = Debug|Any CPU
		{CA7A62CA-0D3F-4156-B3F4-19EBC93F3F7C}.Release|Any CPU.ActiveCfg = Release|Any CPU
		{CA7A62CA-0D3F-4156-B3F4-19EBC93F3F7C}.Release|Any CPU.Build.0 = Release|Any CPU
	EndGlobalSection
	GlobalSection(SolutionProperties) = preSolution
		HideSolutionNode = FALSE
	EndGlobalSection
	GlobalSection(ExtensibilityGlobals) = postSolution
		SolutionGuid = {E904BA44-0F18-4734-966C-7457DBDE96AF}
	EndGlobalSection
EndGlobal
